
Microsoft Visual Studio Solution File, Format Version 12.00
# Visual Studio Version 16
VisualStudioVersion = 16.0.29911.84
MinimumVisualStudioVersion = 10.0.40219.1
Project("{FAE04EC0-301F-11D3-BF4B-00C04F79EFBC}") = "Chris.Api", "Chris.Api\Chris.Api.csproj", "{B63E52D7-FE9D-4BC5-8458-A1C81789532A}"
EndProject
Global
	GlobalSection(SolutionConfigurationPlatforms) = preSolution
		Debug|Any CPU = Debug|Any CPU
		Release|Any CPU = Release|Any CPU
	EndGlobalSection
	GlobalSection(ProjectConfigurationPlatforms) = postSolution
		{B63E52D7-FE9D-4BC5-8458-A1C81789532A}.Debug|Any CPU.ActiveCfg = Debug|Any CPU
		{B63E52D7-FE9D-4BC5-8458-A1C81789532A}.Debug|Any CPU.Build.0 = Debug|Any CPU
		{B63E52D7-FE9D-4BC5-8458-A1C81789532A}.Release|Any CPU.ActiveCfg = Release|Any CPU
		{B63E52D7-FE9D-4BC5-8458-A1C81789532A}.Release|Any CPU.Build.0 = Release|Any CPU
	EndGlobalSection
	GlobalSection(SolutionProperties) = preSolution
		HideSolutionNode = FALSE
	EndGlobalSection
	GlobalSection(ExtensibilityGlobals) = postSolution
		SolutionGuid = {1D26D3A8-C5B0-4E50-9217-F3FB3FE4DF27}
	EndGlobalSection
EndGlobal
